
Microsoft Visual Studio Solution File, Format Version 12.00
# Visual Studio 2012
Project("{FAE04EC0-301F-11D3-BF4B-00C04F79EFBC}") = "ZMQ_REQ_REP_Test", "ZMQ_REQ_REP_Test\ZMQ_REQ_REP_Test.csproj", "{F4BDCF39-43AF-4D8E-9144-0612957660F9}"
EndProject
Global
	GlobalSection(SolutionConfigurationPlatforms) = preSolution
		Debug|x86 = Debug|x86
		Release|x86 = Release|x86
	EndGlobalSection
	GlobalSection(ProjectConfigurationPlatforms) = postSolution
		{F4BDCF39-43AF-4D8E-9144-0612957660F9}.Debug|x86.ActiveCfg = Debug|x86
		{F4BDCF39-43AF-4D8E-9144-0612957660F9}.Debug|x86.Build.0 = Debug|x86
		{F4BDCF39-43AF-4D8E-9144-0612957660F9}.Release|x86.ActiveCfg = Release|x86
		{F4BDCF39-43AF-4D8E-9144-0612957660F9}.Release|x86.Build.0 = Release|x86
	EndGlobalSection
EndGlobal
